version = 1
revision = 3
requires-python = ">=3.11"

[[package]]
name = "anyio"
version = "4.15.1"
source = { registry = "https://pypi.org/simple" }
dependencies = [
    { name = "idna" },
    { name = "typing-extensions", marker = "python_full_version < '3.15'" },
]
sdist = { url = "https://files.pythonhosted.org/packages/a9/d2/f4d173e22df740bc37b1db102b386ba719b66e95b0f0d751f556b387e6d2/anyio-4.15.1.tar.gz", hash = "sha256:9f28306018cbd6d329e64a36d58256edff76dd996fe423bc957326e578b82a94", size = 276966, upload-time = "2026-09-05T10:42:39.44Z" }
wheels = [
    { url = "https://files.pythonhosted.org/packages/12/b8/4bd346e22b28902df4d651910f5242c28d84e4a5c2435ca5c3f797ed7e2e/anyio-4.15.1-py3-none-any.whl", hash = "sha256:6152fdbbf9a77fdec97731721bebf7c4c44f7c29b424b0065826173efc7ed101", size = 132079, upload-time = "2026-09-05T10:42:37.923Z" },
]

[[package]]
name = "certifi"
version = "2026.7.22"
source = { registry = "https://pypi.org/simple" }
sdist = { url = "https://files.pythonhosted.org/packages/a3/c2/24167ea9858356b47a87a50d39908bfdb72ceeefe0041586e704e5376b3a/certifi-2026.7.22.tar.gz", hash = "sha256:741e2c3b351ddf169a738da9f2c048608ff7f2c5cc02f1ebc6b118bb090d5d55", size = 138112, upload-time = "2026-07-22T03:35:12.644Z" }
wheels = [
    { url = "https://files.pythonhosted.org/packages/0b/a7/71ac2cff56fec219ed242bb11b8efb69fcc4bec75db06fb7bfe35de520e6/certifi-2026.7.22-py3-none-any.whl", hash = "sha256:62f22742b58a1a33014a2b6b706588a8d7e2a88ae7bd1a6ebe8c992928483775", size = 136983, upload-time = "2026-07-22T03:35:11.276Z" },
]

[[package]]
name = "colorama"
version = "0.4.6"
source = { registry = "https://pypi.org/simple" }
sdist = { url = "https://files.pythonhosted.org/packages/d8/53/6f443c9a4a8358a93a6792e2acffb9d9d5cb0a5cfd8802644b7b1c9a02e4/colorama-0.4.6.tar.gz", hash = "sha256:08695f5cb7ed6e0531a20572697297273c47b8cae5a63ffc6d6ed5c201be6e44", size = 27697, upload-time = "2022-10-25T02:36:22.414Z" }
wheels = [
    { url = "https://files.pythonhosted.org/packages/d1/d6/3965ed04c63042e047cb6a3e6ed1a63a35087b6a609aa3a15ed8ac56c221/colorama-0.4.6-py2.py3-none-any.whl", hash = "sha256:4f1d9991f5acc0ca119f9d443620b77f9d6b33703e51011c16baf57afb285fc6", size = 25335, upload-time = "2022-10-25T02:36:20.889Z" },
]

[[package]]
name = "googlenewsdecoder"
version = "0.1.7"
source = { editable = "." }
dependencies = [
    { name = "httpx", extra = ["http2", "socks"] },
    { name = "selectolax" },
]

[package.dev-dependencies]
dev = [
    { name = "pytest" },
    { name = "rich" },
]

[package.metadata]
requires-dist = [
    { name = "httpx", extras = ["http2", "socks"], specifier = ">=0.28.1" },
    { name = "selectolax", specifier = ">=0.4.12" },
]

[package.metadata.requires-dev]
dev = [
    { name = "pytest", specifier = ">=8" },
    { name = "rich", specifier = ">=13" },
]

[[package]]
name = "h11"
version = "0.16.0"
source = { registry = "https://pypi.org/simple" }
sdist = { url = "https://files.pythonhosted.org/packages/01/ee/02a2c011bdab74c6fb3c75474d40b3052059d95df7e73351460c8588d963/h11-0.16.0.tar.gz", hash = "sha256:4e35b956cf45792e4caa5885e69fba00bdbc6ffafbfa020300e549b208ee5ff1", size = 101250, upload-time = "2025-04-24T03:35:25.427Z" }
wheels = [
    { url = "https://files.pythonhosted.org/packages/04/4b/29cac41a4d98d144bf5f6d33995617b185d14b22401f75ca86f384e87ff1/h11-0.16.0-py3-none-any.whl", hash = "sha256:63cf8bbe7522de3bf65932fda1d9c2772064ffb3dae62d55932da54b31cb6c86", size = 37515, upload-time = "2025-04-24T03:35:24.344Z" },
]

[[package]]
name = "h2"
version = "4.4.1"
source = { registry = "https://pypi.org/simple" }
dependencies = [
    { name = "hpack" },
    { name = "hyperframe" },
]
sdist = { url = "https://files.pythonhosted.org/packages/e7/85/7c366e69d84c17bb778fe41419e1fbcce3033d5b7ce29bbffff0a98b859f/h2-4.4.1.tar.gz", hash = "sha256:4e866ffb1a869ae14dd9b5e6beb5c24a13da0495ad72b65925ded182521c1516", size = 2157281, upload-time = "2026-08-03T11:45:09.509Z" }
wheels = [
    { url = "https://files.pythonhosted.org/packages/7e/22/e85faf23bd72a92d1921e37d674ca56eb298a3c8be31fdecef0ff2b3aaac/h2-4.4.1-py3-none-any.whl", hash = "sha256:0e25f1462b23c9cb82d9eb02e28bc706dac2a68cb457c6a0d74d63c8a2a5d0e6", size = 62636, upload-time = "2026-08-03T11:44:59.164Z" },
]

[[package]]
name = "hpack"
version = "4.2.0"
source = { registry = "https://pypi.org/simple" }
sdist = { url = "https://files.pythonhosted.org/packages/26/5b/fcabf6028144a8723726318b07a32c2f3314acdff6265743cf08a344b18e/hpack-4.2.0.tar.gz", hash = "sha256:0895cfa3b5531fc65fe439c05eb65144f123bf7a394fcaa56aa423548d8e45c0", size = 51300, upload-time = "2026-06-23T18:34:46.667Z" }
wheels = [
    { url = "https://files.pythonhosted.org/packages/71/b4/4a9fcfb2aef6ba44d9073ecd301443aa00b3dac95de5619f2a7de7ec8a91/hpack-4.2.0-py3-none-any.whl", hash = "sha256:858ac0b02280fa582b5080d68db0899c62a80375e0e5413a74970c5e518b6986", size = 34246, upload-time = "2026-06-23T18:34:45.472Z" },
]

[[package]]
name = "httpcore"
version = "1.0.9"
source = { registry = "https://pypi.org/simple" }
dependencies = [
    { name = "certifi" },
    { name = "h11" },
]
sdist = { url = "https://files.pythonhosted.org/packages/06/94/82699a10bca87a5556c9c59b5963f2d039dbd239f25bc2a63907a05a14cb/httpcore-1.0.9.tar.gz", hash = "sha256:6e34463af53fd2ab5d807f399a9b45ea31c3dfa2276f15a2c3f00afff6e176e8", size = 85484, upload-time = "2025-04-24T22:06:22.219Z" }
wheels = [
    { url = "https://files.pythonhosted.org/packages/7e/f5/f66802a942d491edb555dd61e3a9961140fd64c90bce1eafd741609d334d/httpcore-1.0.9-py3-none-any.whl", hash = "sha256:2d400746a40668fc9dec9810239072b40b4484b640a8c38fd654a024c7a1bf55", size = 78784, upload-time = "2025-04-24T22:06:20.566Z" },
]

[[package]]
name = "httpx"
version = "0.28.1"
source = { registry = "https://pypi.org/simple" }
dependencies = [
    { name = "anyio" },
    { name = "certifi" },
    { name = "httpcore" },
    { name = "idna" },
]
sdist = { url = "https://files.pythonhosted.org/packages/b1/df/48c586a5fe32a0f01324ee087459e112ebb7224f646c0b5023f5e79e9956/httpx-0.28.1.tar.gz", hash = "sha256:75e98c5f16b0f35b567856f597f06ff2270a374470a5c2392242528e3e3e42fc", size = 141406, upload-time = "2024-12-06T15:37:23.222Z" }
wheels = [
    { url = "https://files.pythonhosted.org/packages/2a/39/e50c7c3a983047577ee07d2a9e53faf5a69493943ec3f6a384bdc792deb2/httpx-0.28.1-py3-none-any.whl", hash = "sha256:d909fcccc110f8c7faf814ca82a9a4d816bc5a6dbfea25d6591d6985b8ba59ad", size = 73517, upload-time = "2024-12-06T15:37:21.509Z" },
]

[package.optional-dependencies]
http2 = [
    { name = "h2" },
]
socks = [
    { name = "socksio" },
]

[[package]]
name = "hyperframe"
version = "6.1.0"
source = { registry = "https://pypi.org/simple" }
sdist = { url = "https://files.pythonhosted.org/packages/02/e7/94f8232d4a74cc99514c13a9f995811485a6903d48e5d952771ef6322e30/hyperframe-6.1.0.tar.gz", hash = "sha256:f630908a00854a7adeabd6382b43923a4c4cd4b821fcb527e6ab9e15382a3b08", size = 26566, upload-time = "2025-01-22T21:41:49.302Z" }
wheels = [
    { url = "https://files.pythonhosted.org/packages/48/30/47d0bf6072f7252e6521f3447ccfa40b421b6824517f82854703d0f5a98b/hyperframe-6.1.0-py3-none-any.whl", hash = "sha256:b03380493a519fce58ea5af42e4a42317bf9bd425596f7a0835ffce80f1a42e5", size = 13007, upload-time = "2025-01-22T21:41:47.295Z" },
]

[[package]]
name = "idna"
version = "3.20"
source = { registry = "https://pypi.org/simple" }
sdist = { url = "https://files.pythonhosted.org/packages/f5/08/8eea9d4b8302028f3abb2c0813953f7aec26d33b7a8960ed760e65ff29fa/idna-3.20.tar.gz", hash = "sha256:a7db850025b95ded1eae8a46181a1a6c56c92c96f0e2b005d9ff8dc0210cab44", size = 216463, upload-time = "2026-09-17T14:11:04.752Z" }
wheels = [
    { url = "https://files.pythonhosted.org/packages/58/a2/bb081bab032533a855d44de1d56f8e8426114ff1ba5d1f07a438a0a654f8/idna-3.20-py3-none-any.whl", hash = "sha256:ab7ae7122974553370f0bdb919e1a960b2cd1bc1ef0276416d896db81c14582c", size = 69583, upload-time = "2026-09-17T14:11:03.168Z" },
]

[[package]]
name = "iniconfig"
version = "2.3.0"
source = { registry = "https://pypi.org/simple" }
sdist = { url = "https://files.pythonhosted.org/packages/72/34/14ca021ce8e5dfedc35312d08ba8bf51fdd999c576889fc2c24cb97f4f10/iniconfig-2.3.0.tar.gz", hash = "sha256:c76315c77db068650d49c5b56314774a7804df16fee4402c1f19d6d15d8c4730", size = 20503, upload-time = "2025-10-18T21:55:43.219Z" }
wheels = [
    { url = "https://files.pythonhosted.org/packages/cb/b1/3846dd7f199d53cb17f49cba7e651e9ce294d8497c8c150530ed11865bb8/iniconfig-2.3.0-py3-none-any.whl", hash = "sha256:f631c04d2c48c52b84d0d0549c99ff3859c98df65b3101406327ecc7d53fbf12", size = 7484, upload-time = "2025-10-18T21:55:41.639Z" },
]

[[package]]
name = "markdown-it-py"
version = "4.2.0"
source = { registry = "https://pypi.org/simple" }
dependencies = [
    { name = "mdurl" },
]
sdist = { url = "https://files.pythonhosted.org/packages/06/ff/7841249c247aa650a76b9ee4bbaeae59370dc8bfd2f6c01f3630c35eb134/markdown_it_py-4.2.0.tar.gz", hash = "sha256:04a21681d6fbb623de53f6f364d352309d4094dd4194040a10fd51833e418d49", size = 82454, upload-time = "2026-05-07T12:08:28.36Z" }
wheels = [
    { url = "https://files.pythonhosted.org/packages/b3/81/4da04ced5a082363ecfa159c010d200ecbd959ae410c10c0264a38cac0f5/markdown_it_py-4.2.0-py3-none-any.whl", hash = "sha256:9f7ebbcd14fe59494226453aed97c1070d83f8d24b6fc3a3bcf9a38092641c4a", size = 91687, upload-time = "2026-05-07T12:08:27.182Z" },
]

[[package]]
name = "mdurl"
version = "0.1.2"
source = { registry = "https://pypi.org/simple" }
sdist = { url = "https://files.pythonhosted.org/packages/d6/54/cfe61301667036ec958cb99bd3efefba235e65cdeb9c84d24a8293ba1d90/mdurl-0.1.2.tar.gz", hash = "sha256:bb413d29f5eea38f31dd4754dd7377d4465116fb207585f97bf925588687c1ba", size = 8729, upload-time = "2022-08-14T12:40:10.846Z" }
wheels = [
    { url = "https://files.pythonhosted.org/packages/b3/38/89ba8ad64ae25be8de66a6d463314cf1eb366222074cfda9ee839c56a4b4/mdurl-0.1.2-py3-none-any.whl", hash = "sha256:84008a41e51615a49fc9966191ff91509e3c40b939176e643fd50a5c2196b8f8", size = 9979, upload-time = "2022-08-14T12:40:09.779Z" },
]

[[package]]
name = "packaging"
version = "26.3"
source = { registry = "https://pypi.org/simple" }
sdist = { url = "https://files.pythonhosted.org/packages/7d/fa/3944b40b07da9ce895c0e6303a5ab7d53da063554f534556b134a54d6093/packaging-26.3.tar.gz", hash = "sha256:94edc256424af38762eb31306eed28beb9f0efc50a8837492c9d6fd6004aed79", size = 313412, upload-time = "2026-08-04T18:15:28.737Z" }
wheels = [
    { url = "https://files.pythonhosted.org/packages/63/34/ba1c580383c9eada3711951fef0795c80b829a078d72188184bcab9dd527/packaging-26.3-py3-none-any.whl", hash = "sha256:d7193f7c8e4e93f444fde0262bf90af30e16fa0ad0ad44cb553c87339b23cd1c", size = 129956, upload-time = "2026-08-04T18:15:27.159Z" },
]

[[package]]
name = "pluggy"
version = "1.6.0"
source = { registry = "https://pypi.org/simple" }
sdist = { url = "https://files.pythonhosted.org/packages/f9/e2/3e91f31a7d2b083fe6ef3fa267035b518369d9511ffab804f839851d2779/pluggy-1.6.0.tar.gz", hash = "sha256:7dcc130b76258d33b90f61b658791dede3486c3e6bfb003ee5c9bfb396dd22f3", size = 69412, upload-time = "2025-05-15T12:30:07.975Z" }
wheels = [
    { url = "https://files.pythonhosted.org/packages/54/20/4d324d65cc6d9205fabedc306948156824eb9f0ee1633355a8f7ec5c66bf/pluggy-1.6.0-py3-none-any.whl", hash = "sha256:e920276dd6813095e9377c0bc5566d94c932c33b27a3e3945d8389c374dd4746", size = 20538, upload-time = "2025-05-15T12:30:06.134Z" },
]

[[package]]
name = "pygments"
version = "2.21.0"
source = { registry = "https://pypi.org/simple" }
sdist = { url = "https://files.pythonhosted.org/packages/49/2e/ced460408999b33da6b31b0021b0f37d329e202d4169aeb164493778f25b/pygments-2.21.0.tar.gz", hash = "sha256:610ca751c9bc2492b38eb9a38a7fbc93edbbb2d7182edaf34e66ae493dee5c8c", size = 5005329, upload-time = "2026-08-17T08:02:48.824Z" }
wheels = [
    { url = "https://files.pythonhosted.org/packages/71/46/17f022dd3e953bf20a04a028a21ec746d942f8d2af30fa0f124fa0e6a684/pygments-2.21.0-py3-none-any.whl", hash = "sha256:2363c69b61c4a97c838da3b130dcd6468f4848992b21a82f2a63ec34377137d9", size = 1250147, upload-time = "2026-08-17T08:02:44.912Z" },
]

[[package]]
name = "pytest"
version = "9.1.1"
source = { registry = "https://pypi.org/simple" }
dependencies = [
    { name = "colorama", marker = "sys_platform == 'win32'" },
    { name = "iniconfig" },
    { name = "packaging" },
    { name = "pluggy" },
    { name = "pygments" },
]
sdist = { url = "https://files.pythonhosted.org/packages/e4/47/b9efed96c114afcfa3c9d3fe98a76a1d14c74a9e266d397cf6eb64be5e01/pytest-9.1.1.tar.gz", hash = "sha256:1088fbde8f2b49d95a549a195707afa7a76a3ce9bcadc26b6d71f0ffda5fe313", size = 1636369, upload-time = "2026-06-19T10:58:32.857Z" }
wheels = [
    { url = "https://files.pythonhosted.org/packages/24/25/1de2678b631f5a49215c6c96fff41ba892b0a34df68d6d80292b1b48aa7f/pytest-9.1.1-py3-none-any.whl", hash = "sha256:37a86b45efb9a47a61a36449063e8e18d0cab3161329fc099eb21783169c4f0c", size = 386536, upload-time = "2026-06-19T10:58:31.347Z" },
]

[[package]]
name = "rich"
version = "15.0.0"
source = { registry = "https://pypi.org/simple" }
dependencies = [
    { name = "markdown-it-py" },
    { name = "pygments" },
]
sdist = { url = "https://files.pythonhosted.org/packages/c0/8f/0722ca900cc807c13a6a0c696dacf35430f72e0ec571c4275d2371fca3e9/rich-15.0.0.tar.gz", hash = "sha256:edd07a4824c6b40189fb7ac9bc4c52536e9780fbbfbddf6f1e2502c31b068c36", size = 230680, upload-time = "2026-04-12T08:24:00.75Z" }
wheels = [
    { url = "https://files.pythonhosted.org/packages/82/3b/64d4899d73f91ba49a8c18a8ff3f0ea8f1c1d75481760df8c68ef5235bf5/rich-15.0.0-py3-none-any.whl", hash = "sha256:33bd4ef74232fb73fe9279a257718407f169c09b78a87ad3d296f548e27de0bb", size = 310654, upload-time = "2026-04-12T08:24:02.83Z" },
]

[[package]]
name = "selectolax"
version = "0.4.12"
source = { registry = "https://pypi.org/simple" }
sdist = { url = "https://files.pythonhosted.org/packages/18/a5/c06e1fb665685a9a028cc3fae538da044c90ee550e52c322cba02f0ff47a/selectolax-0.4.12.tar.gz", hash = "sha256:078f6bfac14439395d57eaf46887ec78362e19178ca90bc69da7420253a3e9d5", size = 4940765, upload-time = "2026-09-18T08:20:38.149Z" }
wheels = [
    { url = "https://files.pythonhosted.org/packages/2a/1d/5e839420337da479e73e13371311c29ca016a63f79c72179dc6e60768bb8/selectolax-0.4.12-cp311-cp311-macosx_10_9_x86_64.whl", hash = "sha256:5639399a22b03f610e3a806463d8d2e9fb31957beffd22c07290fa92a7d6bb31", size = 2294020, upload-time = "2026-09-18T08:19:12.769Z" },
    { url = "https://files.pythonhosted.org/packages/e4/e4/b518ca080f9e74b6f83e335c16a2c0775249a1971301611979e1cb5a80ae/selectolax-0.4.12-cp311-cp311-macosx_11_0_arm64.whl", hash = "sha256:7bb75ad6d3e7be3784bb4d7dc00f9b38f535d664935e5f73369d47875aa928ca", size = 2350508, upload-time = "2026-09-18T08:19:14.189Z" },
    { url = "https://files.pythonhosted.org/packages/12/fe/28caba38c7b5da71c0214eb7e19374ed2f00b811ed8d013f753f31a8c856/selectolax-0.4.12-cp311-cp311-manylinux2014_aarch64.manylinux_2_17_aarch64.manylinux_2_28_aarch64.whl", hash = "sha256:59e25e9fdd27a1918cca5cab243b14d191c8689e8bdb179e899b0b6e49199b63", size = 2426675, upload-time = "2026-09-18T08:19:15.545Z" },
    { url = "https://files.pythonhosted.org/packages/30/3d/932f984ad171a674bbf0a09f33ad747b8fc97cd6557821394c652035d380/selectolax-0.4.12-cp311-cp311-manylinux2014_x86_64.manylinux_2_17_x86_64.manylinux_2_28_x86_64.whl", hash = "sha256:f22c1cccbb9ff53b1a0cc9899f1301563169fb9a72a1efdb1092bfd3f41a5639", size = 2476758, upload-time = "2026-09-18T08:19:16.993Z" },
    { url = "https://files.pythonhosted.org/packages/73/42/4d09a213711c8208958c603a51cc219c1b2281336298d36c5035303a7e16/selectolax-0.4.12-cp311-cp311-musllinux_1_2_aarch64.whl", hash = "sha256:6f53122c6c2ba5c7bd6fb97b46b8d1190439f997d8de61c857f2fa380408194f", size = 2432665, upload-time = "2026-09-18T08:19:18.438Z" },
    { url = "https://files.pythonhosted.org/packages/45/bc/cc671f4d8284b4f9ef1465b0d5427790da77c0b721cab0aa04d3554cc119/selectolax-0.4.12-cp311-cp311-musllinux_1_2_x86_64.whl", hash = "sha256:1e677b74ed47e066400ccafb31f32ae3ad9aaf0a1f69f2c570ec7988f786738a", size = 2488400, upload-time = "2026-09-18T08:19:20.416Z" },
    { url = "https://files.pythonhosted.org/packages/9f/81/05089b40c76ed8e7ba43614e124f2c0a23778f07fb9e0cddd5eb15c27445/selectolax-0.4.12-cp311-cp311-win32.whl", hash = "sha256:5c3df6148b8fa9e90d7368b189eeecbc13cc666d9890e4b93445ed42fe1a6bed", size = 1829327, upload-time = "2026-09-18T08:19:22.081Z" },
    { url = "https://files.pythonhosted.org/packages/92/1a/82a36735746a3d82ab37b5e019ce62563bd01f85865ea07934ab51ad25ab/selectolax-0.4.12-cp311-cp311-win_amd64.whl", hash = "sha256:efc60977792b3991983957679099fee688f2d09cc6eb4957a1d2aa721d03bff7", size = 1953827, upload-time = "2026-09-18T08:19:23.466Z" },
    { url = "https://files.pythonhosted.org/packages/1b/a4/871806516b17e8b3d00d1ba72ba7b5f21e05dc176833a8fa3a3bb479a3aa/selectolax-0.4.12-cp311-cp311-win_arm64.whl", hash = "sha256:f1428604731d3dce8d2e04a63aa4e96d4eb369a2c3e6e8ce3104758465d6dd41", size = 1888990, upload-time = "2026-09-18T08:19:24.98Z" },
    { url = "https://files.pythonhosted.org/packages/ce/24/ba70ffc5950afcd6c003f73e764aa01306dd16f73f7864bd609748df8975/selectolax-0.4.12-cp312-cp312-macosx_10_13_x86_64.whl", hash = "sha256:272d2996a9a06c0334552532cd9dce472214a960fe0580c2d4b1c37437f1cb02", size = 2323280, upload-time = "2026-09-18T08:19:26.479Z" },
    { url = "https://files.pythonhosted.org/packages/2a/e2/f625daf1e76818162299b1547ecb40bf3d27dbc28f6c9af8ad72b25aad6a/selectolax-0.4.12-cp312-cp312-macosx_11_0_arm64.whl", hash = "sha256:5805b7b51d1b62a53b13240ca85771c1675b910fe71ac07298a22550669a0b4d", size = 2370109, upload-time = "2026-09-18T08:19:28.15Z" },
    { url = "https://files.pythonhosted.org/packages/3c/7d/bdf42f4a1653581f83043f7a91f18491443f096409fb66cd8522e55150d0/selectolax-0.4.12-cp312-cp312-manylinux2014_aarch64.manylinux_2_17_aarch64.manylinux_2_28_aarch64.whl", hash = "sha256:288f36fa1f6379a8c4f9676599069f5067a03c9583fed905f4c2b28d75dd18bd", size = 2453386, upload-time = "2026-09-18T08:19:29.466Z" },
    { url = "https://files.pythonhosted.org/packages/ff/22/63c41577a21182eebe4b93d47f9ffd92ad84e06115c8d170cf00849e0b7e/selectolax-0.4.12-cp312-cp312-manylinux2014_x86_64.manylinux_2_17_x86_64.manylinux_2_28_x86_64.whl", hash = "sha256:0d90c502135acef7b25da1a15ca801894fc779c166f2ed4ba30f8e6f495785b4", size = 2500495, upload-time = "2026-09-18T08:19:30.884Z" },
    { url = "https://files.pythonhosted.org/packages/b0/70/1f47746595ee95007fd0d6c7fad4bfc88965baefb3fef2fe0e0f5aec83f6/selectolax-0.4.12-cp312-cp312-musllinux_1_2_aarch64.whl", hash = "sha256:03b3938566cf853dc034f8e1f8b30bf05475c9ea77c682a9d1f976f220f617a6", size = 2461760, upload-time = "2026-09-18T08:19:32.522Z" },
    { url = "https://files.pythonhosted.org/packages/b6/80/6713dd92486e730a68269de670c38abf0476d755fc93d178efbaaab46caf/selectolax-0.4.12-cp312-cp312-musllinux_1_2_x86_64.whl", hash = "sha256:8045daa0bd13ebf05fa27f1015731338552631e269707521afe1f957a38c48d0", size = 2523733, upload-time = "2026-09-18T08:19:34.118Z" },
    { url = "https://files.pythonhosted.org/packages/37/48/6ea4d081314dc2650011dc2a23991f7f2a4787a62363fd080ab04536cc81/selectolax-0.4.12-cp312-cp312-win32.whl", hash = "sha256:bd46d3b9bc4a330bd9dd46ec0f3c353a6d0a0778e0a0f57595381a2b7f8dfc00", size = 1825942, upload-time = "2026-09-18T08:19:35.513Z" },
    { url = "https://files.pythonhosted.org/packages/d1/39/69e6b2e92934cb25e869674fb42981edc8a19423615b0f53e0317b12835b/selectolax-0.4.12-cp312-cp312-win_amd64.whl", hash = "sha256:8baa98dcd3d5c2418388e07c8d46f056cca487f21a851d6c8304ddabfeadac35", size = 1946247, upload-time = "2026-09-18T08:19:37.097Z" },
    { url = "https://files.pythonhosted.org/packages/7e/b6/0f9f15b461165b0220fb3520340483ecd40a4f90caf6bd742f1af7f88f2b/selectolax-0.4.12-cp312-cp312-win_arm64.whl", hash = "sha256:0562530099872e5b5b56b1dcd8536aeae56e341409af0407d1e21586c7792686", size = 1877846, upload-time = "2026-09-18T08:19:38.462Z" },
    { url = "https://files.pythonhosted.org/packages/08/2b/4c52a167f129b8d15e87cb442eea4f825550c0669fd7cb7810889c7df0fd/selectolax-0.4.12-cp313-cp313-macosx_10_13_x86_64.whl", hash = "sha256:60cc20961066c62f3da7288174bdcc550c18cc9a3623c8e5e38e348d042af545", size = 2322311, upload-time = "2026-09-18T08:19:39.98Z" },
    { url = "https://files.pythonhosted.org/packages/db/34/8b8867d84a881a08e65b80595186c8baff9f117de92e241b6193f1fb5f12/selectolax-0.4.12-cp313-cp313-macosx_11_0_arm64.whl", hash = "sha256:407dd3e5ed82c59215304f641cfc079d53accb19ccd358cf301e36507baabc3f", size = 2368433, upload-time = "2026-09-18T08:19:41.518Z" },
    { url = "https://files.pythonhosted.org/packages/c9/ae/1ea1427d53e9c2e91f49bfeaef7b458dcdc43ca5e2bc9d8f3e1411941490/selectolax-0.4.12-cp313-cp313-manylinux2014_aarch64.manylinux_2_17_aarch64.manylinux_2_28_aarch64.whl", hash = "sha256:da0ca0a6f1415797b82125e159940b45fd6c370b272377c7462a4c2de2313ad3", size = 2452712, upload-time = "2026-09-18T08:19:43.086Z" },
    { url = "https://files.pythonhosted.org/packages/7d/15/32670669d3829abc83ab9569368dc0903ff1041a9592bef287dcf8e2eda7/selectolax-0.4.12-cp313-cp313-manylinux2014_x86_64.manylinux_2_17_x86_64.manylinux_2_28_x86_64.whl", hash = "sha256:5bf01ba029de7b2e5ac6dc77287a5a19f8b6cfa8c6cfc8f6a7267061c61eaf81", size = 2500073, upload-time = "2026-09-18T08:19:44.657Z" },
    { url = "https://files.pythonhosted.org/packages/34/de/d53623f7b3297db6c42ed46f042ad85922d1ca96433609b057a1ac3ec683/selectolax-0.4.12-cp313-cp313-musllinux_1_2_aarch64.whl", hash = "sha256:3cb7eb215f4711dfc602da2645ded0f6ce7ecc051b87124caba58b98bf7befb8", size = 2461411, upload-time = "2026-09-18T08:19:46.229Z" },
    { url = "https://files.pythonhosted.org/packages/6f/86/01174796ed97dfd80a59f747f3b9d533883d1dc01e818f8084573952f38d/selectolax-0.4.12-cp313-cp313-musllinux_1_2_x86_64.whl", hash = "sha256:d2209f1632ff61dca70587c2d1c45a5c120919d707b1e691623a7a317a82eaa5", size = 2523172, upload-time = "2026-09-18T08:19:48.081Z" },
    { url = "https://files.pythonhosted.org/packages/61/f9/80907539dfe02d3bd0c91144adf75c6869d7dc64f9960d95e65d5170a748/selectolax-0.4.12-cp313-cp313-win32.whl", hash = "sha256:920738cc78d79e762fdd1cfdc4dd145b6c5eb219873cd0246670ea159eb61ff6", size = 1825788, upload-time = "2026-09-18T08:19:49.539Z" },
    { url = "https://files.pythonhosted.org/packages/1c/19/916c51bc52129e8fc6c733bb0c51bbd805368ea92dd78f9312c408079844/selectolax-0.4.12-cp313-cp313-win_amd64.whl", hash = "sha256:53b3bae8ac72cc2390b08aefc1d96dbef46d99f098bbd6ddf5f49453d30e69c3", size = 1945650, upload-time = "2026-09-18T08:19:51.272Z" },
    { url = "https://files.pythonhosted.org/packages/4b/2c/3e4f60af7db8a4a19675d2365f79f84c1f87e9591656a0bc5334f45069a7/selectolax-0.4.12-cp313-cp313-win_arm64.whl", hash = "sha256:06e7cdc8d55b2355b6e3921c5f2000e3a7aa18258c61bb3646bd44d1aa67d312", size = 1877845, upload-time = "2026-09-18T08:19:52.796Z" },
    { url = "https://files.pythonhosted.org/packages/65/f5/0c427d7058a736713b351858bc7651e135ed10d957dd3da89e78f184817b/selectolax-0.4.12-cp314-cp314-macosx_10_13_x86_64.whl", hash = "sha256:a1fcfe7e41b74ceb9020e19953e3a4d994d07e5afbc8113e041625cc4187048b", size = 2338528, upload-time = "2026-09-18T08:19:54.343Z" },
    { url = "https://files.pythonhosted.org/packages/7b/08/206441e48ccfe2e9ef38d31862c0b3692dd3d7c83e7636399256b2717aa8/selectolax-0.4.12-cp314-cp314-macosx_11_0_arm64.whl", hash = "sha256:2810aad3fffa3ef34c93b8dc52f61ceb42437827c2e1c79793547f46e68b4842", size = 2385449, upload-time = "2026-09-18T08:19:56.054Z" },
    { url = "https://files.pythonhosted.org/packages/43/25/c969849447732f71889725c50c8b2dae0d51332267ef624b31456f28a692/selectolax-0.4.12-cp314-cp314-manylinux2014_aarch64.manylinux_2_17_aarch64.manylinux_2_28_aarch64.whl", hash = "sha256:7441c0a99ac7fcdfebc0beecf151b02e64e7de7329d3352e77731d7beea7cfb8", size = 2451668, upload-time = "2026-09-18T08:19:57.768Z" },
    { url = "https://files.pythonhosted.org/packages/f1/0a/3f3eb3bf804f2fcff85ec34d5e9d6bd3cf475d94b172558c801cb9ee4268/selectolax-0.4.12-cp314-cp314-manylinux2014_x86_64.manylinux_2_17_x86_64.manylinux_2_28_x86_64.whl", hash = "sha256:dcf26b234fadb6a76dbd2fc1039163365e6ad48228b5c83170f5fc7709bba269", size = 2497976, upload-time = "2026-09-18T08:19:59.528Z" },
    { url = "https://files.pythonhosted.org/packages/f3/55/72492c0fdf44148487535bd0e241a6a815605ee09d37846b6b8609095c11/selectolax-0.4.12-cp314-cp314-musllinux_1_2_aarch64.whl", hash = "sha256:7edb1e8dc640918e565a8df4791fb6dfed0efe9d9b46dba27d2ff5a4512e426d", size = 2477053, upload-time = "2026-09-18T08:20:00.937Z" },
    { url = "https://files.pythonhosted.org/packages/7a/a7/fc66fd7575c10eccbb2d3532a4d56d3accedfbfce6169c4798e157c069c5/selectolax-0.4.12-cp314-cp314-musllinux_1_2_x86_64.whl", hash = "sha256:371a9cadb8c2c2e9a2f46754e53fa2d0c71a20d3efeeb2de3cf41b023a63c9be", size = 2539851, upload-time = "2026-09-18T08:20:02.497Z" },
    { url = "https://files.pythonhosted.org/packages/25/5a/240e8217d5c852e426e8db85a5b69aa5e71bd60549d602e7ca9104f1d439/selectolax-0.4.12-cp314-cp314-win32.whl", hash = "sha256:85b79ed587efce05b38212b28065f8325a452eb2d27f7a01b6b6ef7170ef7a20", size = 1937056, upload-time = "2026-09-18T08:20:04.116Z" },
    { url = "https://files.pythonhosted.org/packages/3f/ff/5979a88d2729164889b8bf64ef7467d542a2c4346fd8a4912f5dc4a6dbc2/selectolax-0.4.12-cp314-cp314-win_amd64.whl", hash = "sha256:a96117872d6f155ee717ef33afb24f30a195ecc07fd1a6dffa5b762c10b7a560", size = 2058569, upload-time = "2026-09-18T08:20:05.545Z" },
    { url = "https://files.pythonhosted.org/packages/cb/80/50d380b7129c0aafaa0274356c61b3ee0e6bfbe118dca4bcef8568b76c3a/selectolax-0.4.12-cp314-cp314-win_arm64.whl", hash = "sha256:9d05b19a69727bf53335a8f5a6292a3d361dd0ad7a17c6a2c48603878a158d78", size = 1991548, upload-time = "2026-09-18T08:20:07.032Z" },
    { url = "https://files.pythonhosted.org/packages/34/22/8f52b923441cb7541689c476c8b0dc9ffc3da65c9f6365777e394c349f4e/selectolax-0.4.12-cp314-cp314t-macosx_10_13_x86_64.whl", hash = "sha256:1fcea8899a1e3daf072b5a98042c8b47b73f524c5201e3101525207731350bcb", size = 2354636, upload-time = "2026-09-18T08:20:08.8Z" },
    { url = "https://files.pythonhosted.org/packages/ee/99/3c142ee1376c4b334f5df0b52064de476eb580ff4b80710faa0130dc3cfa/selectolax-0.4.12-cp314-cp314t-macosx_11_0_arm64.whl", hash = "sha256:8c0b8816821a023fecb251153daa6562147415ab143592bb54dc02d68ea66e47", size = 2401872, upload-time = "2026-09-18T08:20:10.149Z" },
    { url = "https://files.pythonhosted.org/packages/55/c9/1f0f953140ba5bfa5585c843509a6a95e595f2ab1dbef8f9e66b16c65dc2/selectolax-0.4.12-cp314-cp314t-manylinux2014_aarch64.manylinux_2_17_aarch64.manylinux_2_28_aarch64.whl", hash = "sha256:bf1c838f4bbe7c4ef26bd3ee2e33aad57cb1478bdff60facaf4a13c926bd18c2", size = 2460991, upload-time = "2026-09-18T08:20:11.707Z" },
    { url = "https://files.pythonhosted.org/packages/92/ec/51d20ae564fcfb54038d4145f9b9048dc9273575ff697cd9170c773d2a9a/selectolax-0.4.12-cp314-cp314t-manylinux2014_x86_64.manylinux_2_17_x86_64.manylinux_2_28_x86_64.whl", hash = "sha256:585e07ce3a1b3413f6caa6ad40b06897a887ec332f3463768aded8b639f7e24f", size = 2514285, upload-time = "2026-09-18T08:20:13.726Z" },
    { url = "https://files.pythonhosted.org/packages/d0/e6/8e58ee162c7015516b684553ecef727daf20a44fd5d7134191797535700e/selectolax-0.4.12-cp314-cp314t-musllinux_1_2_aarch64.whl", hash = "sha256:c4f80dff7800c26c046542855721c6740ec335e22ad62570a3df4c2527b759ec", size = 2488819, upload-time = "2026-09-18T08:20:15.238Z" },
    { url = "https://files.pythonhosted.org/packages/c7/08/d6436898871cc411a52a19be890ae30f5a856cc8f4bf4aa84c7fd57f6095/selectolax-0.4.12-cp314-cp314t-musllinux_1_2_x86_64.whl", hash = "sha256:19449192f510c3793e38eca65756675f1eb34a0e13514ada97f9704080e55875", size = 2548630, upload-time = "2026-09-18T08:20:16.995Z" },
    { url = "https://files.pythonhosted.org/packages/7a/57/f939b340372ff95f7ca78551942628c39570fd62c746992c7435198666cd/selectolax-0.4.12-cp314-cp314t-win32.whl", hash = "sha256:1584324e6b3a31c812c0af34b918592d7328f6d4e738c54bb3817012302aa1e4", size = 1963537, upload-time = "2026-09-18T08:20:18.529Z" },
    { url = "https://files.pythonhosted.org/packages/02/7d/94817ae157317b11e9f33a5fb044d3982c4f69632d9ac1d581d85db51744/selectolax-0.4.12-cp314-cp314t-win_amd64.whl", hash = "sha256:8ccf01c2df078f1659f850a5dc7b95c9f9cce59763fd6f3ac91741d51eeac280", size = 2084966, upload-time = "2026-09-18T08:20:20.119Z" },
    { url = "https://files.pythonhosted.org/packages/77/f9/4ad6ae22224d56b5f7e39470ea4453894b630e806243078df450af155697/selectolax-0.4.12-cp314-cp314t-win_arm64.whl", hash = "sha256:efb814d712d6acff8901a81f7e4899879dcc687733279cb3f7b5a93654b2f24d", size = 2013355, upload-time = "2026-09-18T08:20:21.993Z" },
]

[[package]]
name = "socksio"
version = "1.0.0"
source = { registry = "https://pypi.org/simple" }
sdist = { url = "https://files.pythonhosted.org/packages/f8/5c/48a7d9495be3d1c651198fd99dbb6ce190e2274d0f28b9051307bdec6b85/socksio-1.0.0.tar.gz", hash = "sha256:f88beb3da5b5c38b9890469de67d0cb0f9d494b78b106ca1845f96c10b91c4ac", size = 19055, upload-time = "2020-04-17T15:50:34.664Z" }
wheels = [
    { url = "https://files.pythonhosted.org/packages/37/c3/6eeb6034408dac0fa653d126c9204ade96b819c936e136c5e8a6897eee9c/socksio-1.0.0-py3-none-any.whl", hash = "sha256:95dc1f15f9b34e8d7b16f06d74b8ccf48f609af32ab33c608d08761c5dcbb1f3", size = 12763, upload-time = "2020-04-17T15:50:31.878Z" },
]

[[package]]
name = "typing-extensions"
version = "4.16.0"
source = { registry = "https://pypi.org/simple" }
sdist = { url = "https://files.pythonhosted.org/packages/f6/cc/6253133b5bb138fc3306cebfbda2c520f545d36b5be2c7255cc528bb45d6/typing_extensions-4.16.0.tar.gz", hash = "sha256:dc983d19a509c94dba722ee6abd33940f7c05a89e243c47e907eb4db6f1a43e5", size = 113555, upload-time = "2026-07-02T08:40:05.92Z" }
wheels = [
    { url = "https://files.pythonhosted.org/packages/49/d3/b8441a820a491ddfc024b0b0cf0393375b75ea13866d9c66727e54c2fc80/typing_extensions-4.16.0-py3-none-any.whl", hash = "sha256:481caa481374e813c1b176ada14e97f1f67a4539ce9cfeb3f350d78d6370c2e8", size = 45571, upload-time = "2026-07-02T08:40:04.659Z" },
]
